// !$*UTF8*$!
{
	archiveVersion = 1;
	classes = {
	};
	objectVersion = 46;
	objects = {

/* Begin PBXBuildFile section */
		27DCD3E316DE5ED200C00496 /* SenTestingKit.framework in Frameworks */ = {isa = PBXBuildFile; fileRef = 27DCD3E216DE5ED200C00496 /* SenTestingKit.framework */; };
		27DCD3E516DE5ED200C00496 /* Cocoa.framework in Frameworks */ = {isa = PBXBuildFile; fileRef = 27DCD3E416DE5ED200C00496 /* Cocoa.framework */; };
		27DCD3EF16DE5ED200C00496 /* InfoPlist.strings in Resources */ = {isa = PBXBuildFile; fileRef = 27DCD3ED16DE5ED200C00496 /* InfoPlist.strings */; };
		27DCD3F216DE5ED200C00496 /* UnitTests.m in Sources */ = {isa = PBXBuildFile; fileRef = 27DCD3F116DE5ED200C00496 /* UnitTests.m */; };
		27DCD3F916DE5F2D00C00496 /* PRHDataURL.m in Sources */ = {isa = PBXBuildFile; fileRef = 27DCD3F816DE5F2D00C00496 /* PRHDataURL.m */; };
		27DCD3FB16DE5FB200C00496 /* Security.framework in Frameworks */ = {isa = PBXBuildFile; fileRef = 27DCD3FA16DE5FB200C00496 /* Security.framework */; };
		27DCD3FD16DE61CE00C00496 /* Red-dot-5px.png in Resources */ = {isa = PBXBuildFile; fileRef = 27DCD3FC16DE61CE00C00496 /* Red-dot-5px.png */; };
/* End PBXBuildFile section */

/* Begin PBXFileReference section */
		27DCD3DF16DE5ED200C00496 /* UnitTests.octest */ = {isa = PBXFileReference; explicitFileType = wrapper.cfbundle; includeInIndex = 0; path = UnitTests.octest; sourceTree = BUILT_PRODUCTS_DIR; };
		27DCD3E216DE5ED200C00496 /* SenTestingKit.framework */ = {isa = PBXFileReference; lastKnownFileType = wrapper.framework; name = SenTestingKit.framework; path = Library/Frameworks/SenTestingKit.framework; sourceTree = DEVELOPER_DIR; };
		27DCD3E416DE5ED200C00496 /* Cocoa.framework */ = {isa = PBXFileReference; lastKnownFileType = wrapper.framework; name = Cocoa.framework; path = Library/Frameworks/Cocoa.framework; sourceTree = DEVELOPER_DIR; };
		27DCD3E716DE5ED200C00496 /* AppKit.framework */ = {isa = PBXFileReference; lastKnownFileType = wrapper.framework; name = AppKit.framework; path = Library/Frameworks/AppKit.framework; sourceTree = SDKROOT; };
		27DCD3E816DE5ED200C00496 /* CoreData.framework */ = {isa = PBXFileReference; lastKnownFileType = wrapper.framework; name = CoreData.framework; path = Library/Frameworks/CoreData.framework; sourceTree = SDKROOT; };
		27DCD3E916DE5ED200C00496 /* Foundation.framework */ = {isa = PBXFileReference; lastKnownFileType = wrapper.framework; name = Foundation.framework; path = Library/Frameworks/Foundation.framework; sourceTree = SDKROOT; };
		27DCD3EC16DE5ED200C00496 /* UnitTests-Info.plist */ = {isa = PBXFileReference; lastKnownFileType = text.plist.xml; path = "UnitTests-Info.plist"; sourceTree = "<group>"; };
		27DCD3EE16DE5ED200C00496 /* en */ = {isa = PBXFileReference; lastKnownFileType = text.plist.strings; name = en; path = en.lproj/InfoPlist.strings; sourceTree = "<group>"; };
		27DCD3F116DE5ED200C00496 /* UnitTests.m */ = {isa = PBXFileReference; lastKnownFileType = sourcecode.c.objc; path = UnitTests.m; sourceTree = "<group>"; };
		27DCD3F316DE5ED200C00496 /* UnitTests-Prefix.pch */ = {isa = PBXFileReference; lastKnownFileType = sourcecode.c.h; path = "UnitTests-Prefix.pch"; sourceTree = "<group>"; };
		27DCD3F716DE5F2D00C00496 /* PRHDataURL.h */ = {isa = PBXFileReference; fileEncoding = 4; lastKnownFileType = sourcecode.c.h; path = PRHDataURL.h; sourceTree = "<group>"; };
		27DCD3F816DE5F2D00C00496 /* PRHDataURL.m */ = {isa = PBXFileReference; fileEncoding = 4; lastKnownFileType = sourcecode.c.objc; path = PRHDataURL.m; sourceTree = "<group>"; };
		27DCD3FA16DE5FB200C00496 /* Security.framework */ = {isa = PBXFileReference; lastKnownFileType = wrapper.framework; name = Security.framework; path = Platforms/MacOSX.platform/Developer/SDKs/MacOSX10.8.sdk/System/Library/Frameworks/Security.framework; sourceTree = DEVELOPER_DIR; };
		27DCD3FC16DE61CE00C00496 /* Red-dot-5px.png */ = {isa = PBXFileReference; lastKnownFileType = image.png; path = "Red-dot-5px.png"; sourceTree = "<group>"; };
/* End PBXFileReference section */

/* Begin PBXFrameworksBuildPhase section */
		27DCD3DB16DE5ED200C00496 /* Frameworks */ = {
			isa = PBXFrameworksBuildPhase;
			buildActionMask = 2147483647;
			files = (
				27DCD3FB16DE5FB200C00496 /* Security.framework in Frameworks */,
				27DCD3E316DE5ED200C00496 /* SenTestingKit.framework in Frameworks */,
				27DCD3E516DE5ED200C00496 /* Cocoa.framework in Frameworks */,
			);
			runOnlyForDeploymentPostprocessing = 0;
		};
/* End PBXFrameworksBuildPhase section */

/* Begin PBXGroup section */
		27DCD3D316DE5E6A00C00496 = {
			isa = PBXGroup;
			children = (
				27DCD3F716DE5F2D00C00496 /* PRHDataURL.h */,
				27DCD3F816DE5F2D00C00496 /* PRHDataURL.m */,
				27DCD3EA16DE5ED200C00496 /* UnitTests */,
				27DCD3E116DE5ED200C00496 /* Frameworks */,
				27DCD3E016DE5ED200C00496 /* Products */,
			);
			sourceTree = "<group>";
		};
		27DCD3E016DE5ED200C00496 /* Products */ = {
			isa = PBXGroup;
			children = (
				27DCD3DF16DE5ED200C00496 /* UnitTests.octest */,
			);
			name = Products;
			sourceTree = "<group>";
		};
		27DCD3E116DE5ED200C00496 /* Frameworks */ = {
			isa = PBXGroup;
			children = (
				27DCD3E216DE5ED200C00496 /* SenTestingKit.framework */,
				27DCD3E416DE5ED200C00496 /* Cocoa.framework */,
				27DCD3FA16DE5FB200C00496 /* Security.framework */,
				27DCD3E616DE5ED200C00496 /* Other Frameworks */,
			);
			name = Frameworks;
			sourceTree = "<group>";
		};
		27DCD3E616DE5ED200C00496 /* Other Frameworks */ = {
			isa = PBXGroup;
			children = (
				27DCD3E716DE5ED200C00496 /* AppKit.framework */,
				27DCD3E816DE5ED200C00496 /* CoreData.framework */,
				27DCD3E916DE5ED200C00496 /* Foundation.framework */,
			);
			name = "Other Frameworks";
			sourceTree = "<group>";
		};
		27DCD3EA16DE5ED200C00496 /* UnitTests */ = {
			isa = PBXGroup;
			children = (
				27DCD3F116DE5ED200C00496 /* UnitTests.m */,
				27DCD3EB16DE5ED200C00496 /* Supporting Files */,
			);
			path = UnitTests;
			sourceTree = "<group>";
		};
		27DCD3EB16DE5ED200C00496 /* Supporting Files */ = {
			isa = PBXGroup;
			children = (
				27DCD3FC16DE61CE00C00496 /* Red-dot-5px.png */,
				27DCD3EC16DE5ED200C00496 /* UnitTests-Info.plist */,
				27DCD3ED16DE5ED200C00496 /* InfoPlist.strings */,
				27DCD3F316DE5ED200C00496 /* UnitTests-Prefix.pch */,
			);
			name = "Supporting Files";
			sourceTree = "<group>";
		};
/* End PBXGroup section */

/* Begin PBXNativeTarget section */
		27DCD3DE16DE5ED200C00496 /* UnitTests */ = {
			isa = PBXNativeTarget;
			buildConfigurationList = 27DCD3F616DE5ED200C00496 /* Build configuration list for PBXNativeTarget "UnitTests" */;
			buildPhases = (
				27DCD3DA16DE5ED200C00496 /* Sources */,
				27DCD3DB16DE5ED200C00496 /* Frameworks */,
				27DCD3DC16DE5ED200C00496 /* Resources */,
				27DCD3DD16DE5ED200C00496 /* ShellScript */,
			);
			buildRules = (
			);
			dependencies = (
			);
			name = UnitTests;
			productName = UnitTests;
			productReference = 27DCD3DF16DE5ED200C00496 /* UnitTests.octest */;
			productType = "com.apple.product-type.bundle";
		};
/* End PBXNativeTarget section */

/* Begin PBXProject section */
		27DCD3D416DE5E6A00C00496 /* Project object */ = {
			isa = PBXProject;
			attributes = {
				LastUpgradeCheck = 0460;
			};
			buildConfigurationList = 27DCD3D716DE5E6A00C00496 /* Build configuration list for PBXProject "PRHDataURL" */;
			compatibilityVersion = "Xcode 3.2";
			developmentRegion = English;
			hasScannedForEncodings = 0;
			knownRegions = (
				en,
			);
			mainGroup = 27DCD3D316DE5E6A00C00496;
			productRefGroup = 27DCD3E016DE5ED200C00496 /* Products */;
			projectDirPath = "";
			projectRoot = "";
			targets = (
				27DCD3DE16DE5ED200C00496 /* UnitTests */,
			);
		};
/* End PBXProject section */

/* Begin PBXResourcesBuildPhase section */
		27DCD3DC16DE5ED200C00496 /* Resources */ = {
			isa = PBXResourcesBuildPhase;
			buildActionMask = 2147483647;
			files = (
				27DCD3EF16DE5ED200C00496 /* InfoPlist.strings in Resources */,
				27DCD3FD16DE61CE00C00496 /* Red-dot-5px.png in Resources */,
			);
			runOnlyForDeploymentPostprocessing = 0;
		};
/* End PBXResourcesBuildPhase section */

/* Begin PBXShellScriptBuildPhase section */
		27DCD3DD16DE5ED200C00496 /* ShellScript */ = {
			isa = PBXShellScriptBuildPhase;
			buildActionMask = 2147483647;
			files = (
			);
			inputPaths = (
			);
			outputPaths = (
			);
			runOnlyForDeploymentPostprocessing = 0;
			shellPath = /bin/sh;
			shellScript = "# Run the unit tests in this test bundle.\n\"${SYSTEM_DEVELOPER_DIR}/Tools/RunUnitTests\"\n";
		};
/* End PBXShellScriptBuildPhase section */

/* Begin PBXSourcesBuildPhase section */
		27DCD3DA16DE5ED200C00496 /* Sources */ = {
			isa = PBXSourcesBuildPhase;
			buildActionMask = 2147483647;
			files = (
				27DCD3F216DE5ED200C00496 /* UnitTests.m in Sources */,
				27DCD3F916DE5F2D00C00496 /* PRHDataURL.m in Sources */,
			);
			runOnlyForDeploymentPostprocessing = 0;
		};
/* End PBXSourcesBuildPhase section */

/* Begin PBXVariantGroup section */
		27DCD3ED16DE5ED200C00496 /* InfoPlist.strings */ = {
			isa = PBXVariantGroup;
			children = (
				27DCD3EE16DE5ED200C00496 /* en */,
			);
			name = InfoPlist.strings;
			sourceTree = "<group>";
		};
/* End PBXVariantGroup section */

/* Begin XCBuildConfiguration section */
		27DCD3D816DE5E6A00C00496 /* Debug */ = {
			isa = XCBuildConfiguration;
			buildSettings = {
			};
			name = Debug;
		};
		27DCD3D916DE5E6A00C00496 /* Release */ = {
			isa = XCBuildConfiguration;
			buildSettings = {
			};
			name = Release;
		};
		27DCD3F416DE5ED200C00496 /* Debug */ = {
			isa = XCBuildConfiguration;
			buildSettings = {
				ALWAYS_SEARCH_USER_PATHS = NO;
				ARCHS = "$(ARCHS_STANDARD_64_BIT)";
				CLANG_CXX_LANGUAGE_STANDARD = "gnu++0x";
				CLANG_CXX_LIBRARY = "libc++";
				CLANG_ENABLE_OBJC_ARC = YES;
				CLANG_WARN_CONSTANT_CONVERSION = YES;
				CLANG_WARN_EMPTY_BODY = YES;
				CLANG_WARN_ENUM_CONVERSION = YES;
				CLANG_WARN_INT_CONVERSION = YES;
				CLANG_WARN__DUPLICATE_METHOD_MATCH = YES;
				COMBINE_HIDPI_IMAGES = YES;
				COPY_PHASE_STRIP = NO;
				FRAMEWORK_SEARCH_PATHS = "\"$(DEVELOPER_LIBRARY_DIR)/Frameworks\"";
				GCC_C_LANGUAGE_STANDARD = gnu99;
				GCC_DYNAMIC_NO_PIC = NO;
				GCC_ENABLE_OBJC_EXCEPTIONS = YES;
				GCC_OPTIMIZATION_LEVEL = 0;
				GCC_PRECOMPILE_PREFIX_HEADER = YES;
				GCC_PREFIX_HEADER = "UnitTests/UnitTests-Prefix.pch";
				GCC_PREPROCESSOR_DEFINITIONS = (
					"DEBUG=1",
					"$(inherited)",
				);
				GCC_SYMBOLS_PRIVATE_EXTERN = NO;
				GCC_WARN_64_TO_32_BIT_CONVERSION = YES;
				GCC_WARN_ABOUT_RETURN_TYPE = YES;
				GCC_WARN_UNINITIALIZED_AUTOS = YES;
				GCC_WARN_UNUSED_VARIABLE = YES;
				INFOPLIST_FILE = "UnitTests/UnitTests-Info.plist";
				MACOSX_DEPLOYMENT_TARGET = 10.8;
				ONLY_ACTIVE_ARCH = YES;
				PRODUCT_NAME = "$(TARGET_NAME)";
				SDKROOT = macosx;
				WRAPPER_EXTENSION = octest;
			};
			name = Debug;
		};
		27DCD3F516DE5ED200C00496 /* Release */ = {
			isa = XCBuildConfiguration;
			buildSettings = {
				ALWAYS_SEARCH_USER_PATHS = NO;
				ARCHS = "$(ARCHS_STANDARD_64_BIT)";
				CLANG_CXX_LANGUAGE_STANDARD = "gnu++0x";
				CLANG_CXX_LIBRARY = "libc++";
				CLANG_ENABLE_OBJC_ARC = YES;
				CLANG_WARN_CONSTANT_CONVERSION = YES;
				CLANG_WARN_EMPTY_BODY = YES;
				CLANG_WARN_ENUM_CONVERSION = YES;
				CLANG_WARN_INT_CONVERSION = YES;
				CLANG_WARN__DUPLICATE_METHOD_MATCH = YES;
				COMBINE_HIDPI_IMAGES = YES;
				COPY_PHASE_STRIP = YES;
				DEBUG_INFORMATION_FORMAT = "dwarf-with-dsym";
				FRAMEWORK_SEARCH_PATHS = "\"$(DEVELOPER_LIBRARY_DIR)/Frameworks\"";
				GCC_C_LANGUAGE_STANDARD = gnu99;
				GCC_ENABLE_OBJC_EXCEPTIONS = YES;
				GCC_PRECOMPILE_PREFIX_HEADER = YES;
				GCC_PREFIX_HEADER = "UnitTests/UnitTests-Prefix.pch";
				GCC_WARN_64_TO_32_BIT_CONVERSION = YES;
				GCC_WARN_ABOUT_RETURN_TYPE = YES;
				GCC_WARN_UNINITIALIZED_AUTOS = YES;
				GCC_WARN_UNUSED_VARIABLE = YES;
				INFOPLIST_FILE = "UnitTests/UnitTests-Info.plist";
				MACOSX_DEPLOYMENT_TARGET = 10.8;
				PRODUCT_NAME = "$(TARGET_NAME)";
				SDKROOT = macosx;
				WRAPPER_EXTENSION = octest;
			};
			name = Release;
		};
/* End XCBuildConfiguration section */

/* Begin XCConfigurationList section */
		27DCD3D716DE5E6A00C00496 /* Build configuration list for PBXProject "PRHDataURL" */ = {
			isa = XCConfigurationList;
			buildConfigurations = (
				27DCD3D816DE5E6A00C00496 /* Debug */,
				27DCD3D916DE5E6A00C00496 /* Release */,
			);
			defaultConfigurationIsVisible = 0;
			defaultConfigurationName = Release;
		};
		27DCD3F616DE5ED200C00496 /* Build configuration list for PBXNativeTarget "UnitTests" */ = {
			isa = XCConfigurationList;
			buildConfigurations = (
				27DCD3F416DE5ED200C00496 /* Debug */,
				27DCD3F516DE5ED200C00496 /* Release */,
			);
			defaultConfigurationIsVisible = 0;
			defaultConfigurationName = Release;
		};
/* End XCConfigurationList section */
	};
	rootObject = 27DCD3D416DE5E6A00C00496 /* Project object */;
}
